<?xml version="1.0" encoding="utf-8"?>
<Project ToolsVersion="4.0" xmlns="http://schemas.microsoft.com/developer/msbuild/2003">
  <ItemGroup>
    <Filter Include="Source Files">
      <UniqueIdentifier>{4FC737F1-C7A5-4376-A066-2A32D752A2FF}</UniqueIdentifier>
      <Extensions>cpp;c;cc;cxx;c++;cppm;ixx;def;odl;idl;hpj;bat;asm;asmx</Extensions>
    </Filter>
    <Filter Include="Header Files">
      <UniqueIdentifier>{93995380-89BD-4b04-88EB-625FBE52EBFB}</UniqueIdentifier>
      <Extensions>h;hh;hpp;hxx;h++;hm;inl;inc;ipp;xsd</Extensions>
    </Filter>
    <Filter Include="Resource Files">
      <UniqueIdentifier>{67DA6AB6-F800-4c08-8B7A-83BB121AAD01}</UniqueIdentifier>
      <Extensions>rc;ico;cur;bmp;dlg;rc2;rct;bin;rgs;gif;jpg;jpeg;jpe;resx;tiff;tif;png;wav;mfcribbon-ms</Extensions>
    </Filter>
  </ItemGroup>
  <ItemGroup>
    <ClCompile Include="Main.cpp">
      <Filter>Source Files</Filter>
    </ClCompile>
    <ClCompile Include="Entity.cpp">
      <Filter>Source Files</Filter>
    </ClCompile>
    <ClCompile Include="Minion.cpp">
      <Filter>Source Files</Filter>
    </ClCompile>
    <ClCompile Include="Character.cpp">
      <Filter>Source Files</Filter>
    </ClCompile>
    <ClCompile Include="Skill.cpp">
      <Filter>Source Files</Filter>
    </ClCompile>
    <ClCompile Include="Iterator.cpp">
      <Filter>Source Files</Filter>
    </ClCompile>
    <ClCompile Include="Room.cpp">
      <Filter>Source Files</Filter>
    </ClCompile>
    <ClCompile Include="SpecNode.cpp">
      <Filter>Source Files</Filter>
    </ClCompile>
    <ClCompile Include="SpecList.cpp">
      <Filter>Source Files</Filter>
    </ClCompile>
    <ClCompile Include="EnemyRoom.cpp">
      <Filter>Source Files</Filter>
    </ClCompile>
    <ClCompile Include="SpecRoom.cpp">
      <Filter>Source Files</Filter>
    </ClCompile>
    <ClCompile Include="HealthRoom.cpp">
      <Filter>Source Files</Filter>
    </ClCompile>
    <ClCompile Include="FileDLLNode.cpp">
      <Filter>Source Files</Filter>
    </ClCompile>
    <ClCompile Include="FileDLL.cpp">
      <Filter>Source Files</Filter>
    </ClCompile>
    <ClCompile Include="BufferRoom.cpp">
      <Filter>Source Files</Filter>
    </ClCompile>
    <ClCompile Include="Folder.cpp">
      <Filter>Source Files</Filter>
    </ClCompile>
    <ClCompile Include="Factory.cpp">
      <Filter>Source Files</Filter>
    </ClCompile>
    <ClCompile Include="MiniBossRoom.cpp">
      <Filter>Source Files</Filter>
    </ClCompile>
    <ClCompile Include="MiniBoss.cpp">
      <Filter>Source Files</Filter>
    </ClCompile>
    <ClCompile Include="BossRoom.cpp">
      <Filter>Source Files</Filter>
    </ClCompile>
    <ClCompile Include="Boss.cpp">
      <Filter>Source Files</Filter>
    </ClCompile>
  </ItemGroup>
  <ItemGroup>
    <ClInclude Include="Entity.h">
      <Filter>Resource Files</Filter>
    </ClInclude>
    <ClInclude Include="Minion.h">
      <Filter>Resource Files</Filter>
    </ClInclude>
    <ClInclude Include="Factory.h">
      <Filter>Resource Files</Filter>
    </ClInclude>
    <ClInclude Include="Character.h">
      <Filter>Resource Files</Filter>
    </ClInclude>
    <ClInclude Include="Skill.h">
      <Filter>Resource Files</Filter>
    </ClInclude>
    <ClInclude Include="Iterator.h">
      <Filter>Resource Files</Filter>
    </ClInclude>
    <ClInclude Include="Room.h">
      <Filter>Resource Files</Filter>
    </ClInclude>
    <ClInclude Include="SpecNode.h">
      <Filter>Resource Files</Filter>
    </ClInclude>
    <ClInclude Include="SpecList.h">
      <Filter>Resource Files</Filter>
    </ClInclude>
    <ClInclude Include="EnemyRoom.h">
      <Filter>Resource Files</Filter>
    </ClInclude>
    <ClInclude Include="SpecRoom.h">
      <Filter>Resource Files</Filter>
    </ClInclude>
    <ClInclude Include="HealthRoom.h">
      <Filter>Resource Files</Filter>
    </ClInclude>
    <ClInclude Include="FileDLLNode.h">
      <Filter>Resource Files</Filter>
    </ClInclude>
    <ClInclude Include="FileDLL.h">
      <Filter>Resource Files</Filter>
    </ClInclude>
    <ClInclude Include="BufferRoom.h">
      <Filter>Resource Files</Filter>
    </ClInclude>
    <ClInclude Include="Folder.h">
      <Filter>Resource Files</Filter>
    </ClInclude>
    <ClInclude Include="MiniBossRoom.h">
      <Filter>Resource Files</Filter>
    </ClInclude>
    <ClInclude Include="MiniBoss.h">
      <Filter>Resource Files</Filter>
    </ClInclude>
    <ClInclude Include="BossRoom.h">
      <Filter>Resource Files</Filter>
    </ClInclude>
    <ClInclude Include="Boss.h">
      <Filter>Resource Files</Filter>
    </ClInclude>
  </ItemGroup>
</Project>